// !$*UTF8*$!
{
	archiveVersion = 1;
	classes = {
	};
	objectVersion = 77;
	objects = {

/* Begin PBXContainerItemProxy section */
		388CF7E52E0EE5C70020E97D /* PBXContainerItemProxy */ = {
			isa = PBXContainerItemProxy;
			containerPortal = 388CF7CC2E0EE5C40020E97D /* Project object */;
			proxyType = 1;
			remoteGlobalIDString = 388CF7D32E0EE5C40020E97D;
			remoteInfo = coverageX;
		};
		388CF7EF2E0EE5C70020E97D /* PBXContainerItemProxy */ = {
			isa = PBXContainerItemProxy;
			containerPortal = 388CF7CC2E0EE5C40020E97D /* Project object */;
			proxyType = 1;
			remoteGlobalIDString = 388CF7D32E0EE5C40020E97D;
			remoteInfo = coverageX;
		};
/* End PBXContainerItemProxy section */

/* Begin PBXFileReference section */
		388CF7D42E0EE5C40020E97D /* coverageX.app */ = {isa = PBXFileReference; explicitFileType = wrapper.application; includeInIndex = 0; path = coverageX.app; sourceTree = BUILT_PRODUCTS_DIR; };
		388CF7E42E0EE5C70020E97D /* coverageXTests.xctest */ = {isa = PBXFileReference; explicitFileType = wrapper.cfbundle; includeInIndex = 0; path = coverageXTests.xctest; sourceTree = BUILT_PRODUCTS_DIR; };
		388CF7EE2E0EE5C70020E97D /* coverageXUITests.xctest */ = {isa = PBXFileReference; explicitFileType = wrapper.cfbundle; includeInIndex = 0; path = coverageXUITests.xctest; sourceTree = BUILT_PRODUCTS_DIR; };
/* End PBXFileReference section */

/* Begin PBXFileSystemSynchronizedRootGroup section */
		388CF7D62E0EE5C40020E97D /* coverageX */ = {
			isa = PBXFileSystemSynchronizedRootGroup;
			path = coverageX;
			sourceTree = "<group>";
		};
		388CF7E72E0EE5C70020E97D /* coverageXTests */ = {
			isa = PBXFileSystemSynchronizedRootGroup;
			path = coverageXTests;
			sourceTree = "<group>";
		};
		388CF7F12E0EE5C70020E97D /* coverageXUITests */ = {
			isa = PBXFileSystemSynchronizedRootGroup;
			path = coverageXUITests;
			sourceTree = "<group>";
		};
/* End PBXFileSystemSynchronizedRootGroup section */

/* Begin PBXFrameworksBuildPhase section */
		388CF7D12E0EE5C40020E97D /* Frameworks */ = {
			isa = PBXFrameworksBuildPhase;
			buildActionMask = 2147483647;
			files = (
			);
			runOnlyForDeploymentPostprocessing = 0;
		};
		388CF7E12E0EE5C70020E97D /* Frameworks */ = {
			isa = PBXFrameworksBuildPhase;
			buildActionMask = 2147483647;
			files = (
			);
			runOnlyForDeploymentPostprocessing = 0;
		};
		388CF7EB2E0EE5C70020E97D /* Frameworks */ = {
			isa = PBXFrameworksBuildPhase;
			buildActionMask = 2147483647;
			files = (
			);
			runOnlyForDeploymentPostprocessing = 0;
		};
/* End PBXFrameworksBuildPhase section */

/* Begin PBXGroup section */
		388CF7CB2E0EE5C40020E97D = {
			isa = PBXGroup;
			children = (
				388CF7D62E0EE5C40020E97D /* coverageX */,
				388CF7E72E0EE5C70020E97D /* coverageXTests */,
				388CF7F12E0EE5C70020E97D /* coverageXUITests */,
				388CF7D52E0EE5C40020E97D /* Products */,
			);
			sourceTree = "<group>";
		};
		388CF7D52E0EE5C40020E97D /* Products */ = {
			isa = PBXGroup;
			children = (
				388CF7D42E0EE5C40020E97D /* coverageX.app */,
				388CF7E42E0EE5C70020E97D /* coverageXTests.xctest */,
				388CF7EE2E0EE5C70020E97D /* coverageXUITests.xctest */,
			);
			name = Products;
			sourceTree = "<group>";
		};
/* End PBXGroup section */

/* Begin PBXNativeTarget section */
		388CF7D32E0EE5C40020E97D /* coverageX */ = {
			isa = PBXNativeTarget;
			buildConfigurationList = 388CF7F82E0EE5C70020E97D /* Build configuration list for PBXNativeTarget "coverageX" */;
			buildPhases = (
				388CF7D02E0EE5C40020E97D /* Sources */,
				388CF7D12E0EE5C40020E97D /* Frameworks */,
				388CF7D22E0EE5C40020E97D /* Resources */,
			);
			buildRules = (
			);
			dependencies = (
			);
			fileSystemSynchronizedGroups = (
				388CF7D62E0EE5C40020E97D /* coverageX */,
			);
			name = coverageX;
			packageProductDependencies = (
			);
			productName = coverageX;
			productReference = 388CF7D42E0EE5C40020E97D /* coverageX.app */;
			productType = "com.apple.product-type.application";
		};
		388CF7E32E0EE5C70020E97D /* coverageXTests */ = {
			isa = PBXNativeTarget;
			buildConfigurationList = 388CF7FB2E0EE5C70020E97D /* Build configuration list for PBXNativeTarget "coverageXTests" */;
			buildPhases = (
				388CF7E02E0EE5C70020E97D /* Sources */,
				388CF7E12E0EE5C70020E97D /* Frameworks */,
				388CF7E22E0EE5C70020E97D /* Resources */,
			);
			buildRules = (
			);
			dependencies = (
				388CF7E62E0EE5C70020E97D /* PBXTargetDependency */,
			);
			fileSystemSynchronizedGroups = (
				388CF7E72E0EE5C70020E97D /* coverageXTests */,
			);
			name = coverageXTests;
			packageProductDependencies = (
			);
			productName = coverageXTests;
			productReference = 388CF7E42E0EE5C70020E97D /* coverageXTests.xctest */;
			productType = "com.apple.product-type.bundle.unit-test";
		};
		388CF7ED2E0EE5C70020E97D /* coverageXUITests */ = {
			isa = PBXNativeTarget;
			buildConfigurationList = 388CF7FE2E0EE5C70020E97D /* Build configuration list for PBXNativeTarget "coverageXUITests" */;
			buildPhases = (
				388CF7EA2E0EE5C70020E97D /* Sources */,
				388CF7EB2E0EE5C70020E97D /* Frameworks */,
				388CF7EC2E0EE5C70020E97D /* Resources */,
			);
			buildRules = (
			);
			dependencies = (
				388CF7F02E0EE5C70020E97D /* PBXTargetDependency */,
			);
			fileSystemSynchronizedGroups = (
				388CF7F12E0EE5C70020E97D /* coverageXUITests */,
			);
			name = coverageXUITests;
			packageProductDependencies = (
			);
			productName = coverageXUITests;
			productReference = 388CF7EE2E0EE5C70020E97D /* coverageXUITests.xctest */;
			productType = "com.apple.product-type.bundle.ui-testing";
		};
/* End PBXNativeTarget section */

/* Begin PBXProject section */
		388CF7CC2E0EE5C40020E97D /* Project object */ = {
			isa = PBXProject;
			attributes = {
				BuildIndependentTargetsInParallel = 1;
				LastSwiftUpdateCheck = 1620;
				LastUpgradeCheck = 1620;
				TargetAttributes = {
					388CF7D32E0EE5C40020E97D = {
						CreatedOnToolsVersion = 16.2;
					};
					388CF7E32E0EE5C70020E97D = {
						CreatedOnToolsVersion = 16.2;
						TestTargetID = 388CF7D32E0EE5C40020E97D;
					};
					388CF7ED2E0EE5C70020E97D = {
						CreatedOnToolsVersion = 16.2;
						TestTargetID = 388CF7D32E0EE5C40020E97D;
					};
				};
			};
			buildConfigurationList = 388CF7CF2E0EE5C40020E97D /* Build configuration list for PBXProject "coverageX" */;
			developmentRegion = en;
			hasScannedForEncodings = 0;
			knownRegions = (
				en,
				Base,
			);
			mainGroup = 388CF7CB2E0EE5C40020E97D;
			minimizedProjectReferenceProxies = 1;
			preferredProjectObjectVersion = 77;
			productRefGroup = 388CF7D52E0EE5C40020E97D /* Products */;
			projectDirPath = "";
			projectRoot = "";
			targets = (
				388CF7D32E0EE5C40020E97D /* coverageX */,
				388CF7E32E0EE5C70020E97D /* coverageXTests */,
				388CF7ED2E0EE5C70020E97D /* coverageXUITests */,
			);
		};
/* End PBXProject section */

/* Begin PBXResourcesBuildPhase section */
		388CF7D22E0EE5C40020E97D /* Resources */ = {
			isa = PBXResourcesBuildPhase;
			buildActionMask = 2147483647;
			files = (
			);
			runOnlyForDeploymentPostprocessing = 0;
		};
		388CF7E22E0EE5C70020E97D /* Resources */ = {
			isa = PBXResourcesBuildPhase;
			buildActionMask = 2147483647;
			files = (
			);
			runOnlyForDeploymentPostprocessing = 0;
		};
		388CF7EC2E0EE5C70020E97D /* Resources */ = {
			isa = PBXResourcesBuildPhase;
			buildActionMask = 2147483647;
			files = (
			);
			runOnlyForDeploymentPostprocessing = 0;
		};
/* End PBXResourcesBuildPhase section */

/* Begin PBXSourcesBuildPhase section */
		388CF7D02E0EE5C40020E97D /* Sources */ = {
			isa = PBXSourcesBuildPhase;
			buildActionMask = 2147483647;
			files = (
			);
			runOnlyForDeploymentPostprocessing = 0;
		};
		388CF7E02E0EE5C70020E97D /* Sources */ = {
			isa = PBXSourcesBuildPhase;
			buildActionMask = 2147483647;
			files = (
			);
			runOnlyForDeploymentPostprocessing = 0;
		};
		388CF7EA2E0EE5C70020E97D /* Sources */ = {
			isa = PBXSourcesBuildPhase;
			buildActionMask = 2147483647;
			files = (
			);
			runOnlyForDeploymentPostprocessing = 0;
		};
/* End PBXSourcesBuildPhase section */

/* Begin PBXTargetDependency section */
		388CF7E62E0EE5C70020E97D /* PBXTargetDependency */ = {
			isa = PBXTargetDependency;
			target = 388CF7D32E0EE5C40020E97D /* coverageX */;
			targetProxy = 388CF7E52E0EE5C70020E97D /* PBXContainerItemProxy */;
		};
		388CF7F02E0EE5C70020E97D /* PBXTargetDependency */ = {
			isa = PBXTargetDependency;
			target = 388CF7D32E0EE5C40020E97D /* coverageX */;
			targetProxy = 388CF7EF2E0EE5C70020E97D /* PBXContainerItemProxy */;
		};
/* End PBXTargetDependency section */

/* Begin XCBuildConfiguration section */
		388CF7F62E0EE5C70020E97D /* Debug */ = {
			isa = XCBuildConfiguration;
			buildSettings = {
				ALWAYS_SEARCH_USER_PATHS = NO;
				ASSETCATALOG_COMPILER_GENERATE_SWIFT_ASSET_SYMBOL_EXTENSIONS = YES;
				CLANG_ANALYZER_NONNULL = YES;
				CLANG_ANALYZER_NUMBER_OBJECT_CONVERSION = YES_AGGRESSIVE;
				CLANG_CXX_LANGUAGE_STANDARD = "gnu++20";
				CLANG_ENABLE_MODULES = YES;
				CLANG_ENABLE_OBJC_ARC = YES;
				CLANG_ENABLE_OBJC_WEAK = YES;
				CLANG_WARN_BLOCK_CAPTURE_AUTORELEASING = YES;
				CLANG_WARN_BOOL_CONVERSION = YES;
				CLANG_WARN_COMMA = YES;
				CLANG_WARN_CONSTANT_CONVERSION = YES;
				CLANG_WARN_DEPRECATED_OBJC_IMPLEMENTATIONS = YES;
				CLANG_WARN_DIRECT_OBJC_ISA_USAGE = YES_ERROR;
				CLANG_WARN_DOCUMENTATION_COMMENTS = YES;
				CLANG_WARN_EMPTY_BODY = YES;
				CLANG_WARN_ENUM_CONVERSION = YES;
				CLANG_WARN_INFINITE_RECURSION = YES;
				CLANG_WARN_INT_CONVERSION = YES;
				CLANG_WARN_NON_LITERAL_NULL_CONVERSION = YES;
				CLANG_WARN_OBJC_IMPLICIT_RETAIN_SELF = YES;
				CLANG_WARN_OBJC_LITERAL_CONVERSION = YES;
				CLANG_WARN_OBJC_ROOT_CLASS = YES_ERROR;
				CLANG_WARN_QUOTED_INCLUDE_IN_FRAMEWORK_HEADER = YES;
				CLANG_WARN_RANGE_LOOP_ANALYSIS = YES;
				CLANG_WARN_STRICT_PROTOTYPES = YES;
				CLANG_WARN_SUSPICIOUS_MOVE = YES;
				CLANG_WARN_UNGUARDED_AVAILABILITY = YES_AGGRESSIVE;
				CLANG_WARN_UNREACHABLE_CODE = YES;
				CLANG_WARN__DUPLICATE_METHOD_MATCH = YES;
				COPY_PHASE_STRIP = NO;
				DEBUG_INFORMATION_FORMAT = dwarf;
				ENABLE_STRICT_OBJC_MSGSEND = YES;
				ENABLE_TESTABILITY = YES;
				ENABLE_USER_SCRIPT_SANDBOXING = YES;
				GCC_C_LANGUAGE_STANDARD = gnu17;
				GCC_DYNAMIC_NO_PIC = NO;
				GCC_NO_COMMON_BLOCKS = YES;
				GCC_OPTIMIZATION_LEVEL = 0;
				GCC_PREPROCESSOR_DEFINITIONS = (
					"DEBUG=1",
					"$(inherited)",
				);
				GCC_WARN_64_TO_32_BIT_CONVERSION = YES;
				GCC_WARN_ABOUT_RETURN_TYPE = YES_ERROR;
				GCC_WARN_UNDECLARED_SELECTOR = YES;
				GCC_WARN_UNINITIALIZED_AUTOS = YES_AGGRESSIVE;
				GCC_WARN_UNUSED_FUNCTION = YES;
				GCC_WARN_UNUSED_VARIABLE = YES;
				IPHONEOS_DEPLOYMENT_TARGET = 18.2;
				LOCALIZATION_PREFERS_STRING_CATALOGS = YES;
				MTL_ENABLE_DEBUG_INFO = INCLUDE_SOURCE;
				MTL_FAST_MATH = YES;
				ONLY_ACTIVE_ARCH = YES;
				SDKROOT = iphoneos;
				SWIFT_ACTIVE_COMPILATION_CONDITIONS = "DEBUG $(inherited)";
				SWIFT_OPTIMIZATION_LEVEL = "-Onone";
			};
			name = Debug;
		};
		388CF7F72E0EE5C70020E97D /* Release */ = {
			isa = XCBuildConfiguration;
			buildSettings = {
				ALWAYS_SEARCH_USER_PATHS = NO;
				ASSETCATALOG_COMPILER_GENERATE_SWIFT_ASSET_SYMBOL_EXTENSIONS = YES;
				CLANG_ANALYZER_NONNULL = YES;
				CLANG_ANALYZER_NUMBER_OBJECT_CONVERSION = YES_AGGRESSIVE;
				CLANG_CXX_LANGUAGE_STANDARD = "gnu++20";
				CLANG_ENABLE_MODULES = YES;
				CLANG_ENABLE_OBJC_ARC = YES;
				CLANG_ENABLE_OBJC_WEAK = YES;
				CLANG_WARN_BLOCK_CAPTURE_AUTORELEASING = YES;
				CLANG_WARN_BOOL_CONVERSION = YES;
				CLANG_WARN_COMMA = YES;
				CLANG_WARN_CONSTANT_CONVERSION = YES;
				CLANG_WARN_DEPRECATED_OBJC_IMPLEMENTATIONS = YES;
				CLANG_WARN_DIRECT_OBJC_ISA_USAGE = YES_ERROR;
				CLANG_WARN_DOCUMENTATION_COMMENTS = YES;
				CLANG_WARN_EMPTY_BODY = YES;
				CLANG_WARN_ENUM_CONVERSION = YES;
				CLANG_WARN_INFINITE_RECURSION = YES;
				CLANG_WARN_INT_CONVERSION = YES;
				CLANG_WARN_NON_LITERAL_NULL_CONVERSION = YES;
				CLANG_WARN_OBJC_IMPLICIT_RETAIN_SELF = YES;
				CLANG_WARN_OBJC_LITERAL_CONVERSION = YES;
				CLANG_WARN_OBJC_ROOT_CLASS = YES_ERROR;
				CLANG_WARN_QUOTED_INCLUDE_IN_FRAMEWORK_HEADER = YES;
				CLANG_WARN_RANGE_LOOP_ANALYSIS = YES;
				CLANG_WARN_STRICT_PROTOTYPES = YES;
				CLANG_WARN_SUSPICIOUS_MOVE = YES;
				CLANG_WARN_UNGUARDED_AVAILABILITY = YES_AGGRESSIVE;
				CLANG_WARN_UNREACHABLE_CODE = YES;
				CLANG_WARN__DUPLICATE_METHOD_MATCH = YES;
				COPY_PHASE_STRIP = NO;
				DEBUG_INFORMATION_FORMAT = "dwarf-with-dsym";
				ENABLE_NS_ASSERTIONS = NO;
				ENABLE_STRICT_OBJC_MSGSEND = YES;
				ENABLE_USER_SCRIPT_SANDBOXING = YES;
				GCC_C_LANGUAGE_STANDARD = gnu17;
				GCC_NO_COMMON_BLOCKS = YES;
				GCC_WARN_64_TO_32_BIT_CONVERSION = YES;
				GCC_WARN_ABOUT_RETURN_TYPE = YES_ERROR;
				GCC_WARN_UNDECLARED_SELECTOR = YES;
				GCC_WARN_UNINITIALIZED_AUTOS = YES_AGGRESSIVE;
				GCC_WARN_UNUSED_FUNCTION = YES;
				GCC_WARN_UNUSED_VARIABLE = YES;
				IPHONEOS_DEPLOYMENT_TARGET = 18.2;
				LOCALIZATION_PREFERS_STRING_CATALOGS = YES;
				MTL_ENABLE_DEBUG_INFO = NO;
				MTL_FAST_MATH = YES;
				SDKROOT = iphoneos;
				SWIFT_COMPILATION_MODE = wholemodule;
				VALIDATE_PRODUCT = YES;
			};
			name = Release;
		};
		388CF7F92E0EE5C70020E97D /* Debug */ = {
			isa = XCBuildConfiguration;
			buildSettings = {
				ASSETCATALOG_COMPILER_APPICON_NAME = AppIcon;
				ASSETCATALOG_COMPILER_GLOBAL_ACCENT_COLOR_NAME = AccentColor;
				CODE_SIGN_STYLE = Automatic;
				CURRENT_PROJECT_VERSION = 1;
				DEVELOPMENT_ASSET_PATHS = "\"coverageX/Preview Content\"";
				DEVELOPMENT_TEAM = V3TNT32M6F;
				ENABLE_PREVIEWS = YES;
				GENERATE_INFOPLIST_FILE = YES;
				INFOPLIST_KEY_UIApplicationSceneManifest_Generation = YES;
				INFOPLIST_KEY_UIApplicationSupportsIndirectInputEvents = YES;
				INFOPLIST_KEY_UILaunchScreen_Generation = YES;
				INFOPLIST_KEY_UISupportedInterfaceOrientations_iPad = "UIInterfaceOrientationPortrait UIInterfaceOrientationPortraitUpsideDown UIInterfaceOrientationLandscapeLeft UIInterfaceOrientationLandscapeRight";
				INFOPLIST_KEY_UISupportedInterfaceOrientations_iPhone = "UIInterfaceOrientationPortrait UIInterfaceOrientationLandscapeLeft UIInterfaceOrientationLandscapeRight";
				LD_RUNPATH_SEARCH_PATHS = (
					"$(inherited)",
					"@executable_path/Frameworks",
				);
				MARKETING_VERSION = 1.0;
				PRODUCT_BUNDLE_IDENTIFIER = RumethR.coverageX;
				PRODUCT_NAME = "$(TARGET_NAME)";
				SWIFT_EMIT_LOC_STRINGS = YES;
				SWIFT_VERSION = 5.0;
				TARGETED_DEVICE_FAMILY = "1,2";
			};
			name = Debug;
		};
		388CF7FA2E0EE5C70020E97D /* Release */ = {
			isa = XCBuildConfiguration;
			buildSettings = {
				ASSETCATALOG_COMPILER_APPICON_NAME = AppIcon;
				ASSETCATALOG_COMPILER_GLOBAL_ACCENT_COLOR_NAME = AccentColor;
				CODE_SIGN_STYLE = Automatic;
				CURRENT_PROJECT_VERSION = 1;
				DEVELOPMENT_ASSET_PATHS = "\"coverageX/Preview Content\"";
				DEVELOPMENT_TEAM = V3TNT32M6F;
				ENABLE_PREVIEWS = YES;
				GENERATE_INFOPLIST_FILE = YES;
				INFOPLIST_KEY_UIApplicationSceneManifest_Generation = YES;
				INFOPLIST_KEY_UIApplicationSupportsIndirectInputEvents = YES;
				INFOPLIST_KEY_UILaunchScreen_Generation = YES;
				INFOPLIST_KEY_UISupportedInterfaceOrientations_iPad = "UIInterfaceOrientationPortrait UIInterfaceOrientationPortraitUpsideDown UIInterfaceOrientationLandscapeLeft UIInterfaceOrientationLandscapeRight";
				INFOPLIST_KEY_UISupportedInterfaceOrientations_iPhone = "UIInterfaceOrientationPortrait UIInterfaceOrientationLandscapeLeft UIInterfaceOrientationLandscapeRight";
				LD_RUNPATH_SEARCH_PATHS = (
					"$(inherited)",
					"@executable_path/Frameworks",
				);
				MARKETING_VERSION = 1.0;
				PRODUCT_BUNDLE_IDENTIFIER = RumethR.coverageX;
				PRODUCT_NAME = "$(TARGET_NAME)";
				SWIFT_EMIT_LOC_STRINGS = YES;
				SWIFT_VERSION = 5.0;
				TARGETED_DEVICE_FAMILY = "1,2";
			};
			name = Release;
		};
		388CF7FC2E0EE5C70020E97D /* Debug */ = {
			isa = XCBuildConfiguration;
			buildSettings = {
				BUNDLE_LOADER = "$(TEST_HOST)";
				CODE_SIGN_STYLE = Automatic;
				CURRENT_PROJECT_VERSION = 1;
				DEVELOPMENT_TEAM = V3TNT32M6F;
				GENERATE_INFOPLIST_FILE = YES;
				IPHONEOS_DEPLOYMENT_TARGET = 18.2;
				MARKETING_VERSION = 1.0;
				PRODUCT_BUNDLE_IDENTIFIER = RumethR.coverageXTests;
				PRODUCT_NAME = "$(TARGET_NAME)";
				SWIFT_EMIT_LOC_STRINGS = NO;
				SWIFT_VERSION = 5.0;
				TARGETED_DEVICE_FAMILY = "1,2";
				TEST_HOST = "$(BUILT_PRODUCTS_DIR)/coverageX.app/$(BUNDLE_EXECUTABLE_FOLDER_PATH)/coverageX";
			};
			name = Debug;
		};
		388CF7FD2E0EE5C70020E97D /* Release */ = {
			isa = XCBuildConfiguration;
			buildSettings = {
				BUNDLE_LOADER = "$(TEST_HOST)";
				CODE_SIGN_STYLE = Automatic;
				CURRENT_PROJECT_VERSION = 1;
				DEVELOPMENT_TEAM = V3TNT32M6F;
				GENERATE_INFOPLIST_FILE = YES;
				IPHONEOS_DEPLOYMENT_TARGET = 18.2;
				MARKETING_VERSION = 1.0;
				PRODUCT_BUNDLE_IDENTIFIER = RumethR.coverageXTests;
				PRODUCT_NAME = "$(TARGET_NAME)";
				SWIFT_EMIT_LOC_STRINGS = NO;
				SWIFT_VERSION = 5.0;
				TARGETED_DEVICE_FAMILY = "1,2";
				TEST_HOST = "$(BUILT_PRODUCTS_DIR)/coverageX.app/$(BUNDLE_EXECUTABLE_FOLDER_PATH)/coverageX";
			};
			name = Release;
		};
		388CF7FF2E0EE5C70020E97D /* Debug */ = {
			isa = XCBuildConfiguration;
			buildSettings = {
				CODE_SIGN_STYLE = Automatic;
				CURRENT_PROJECT_VERSION = 1;
				DEVELOPMENT_TEAM = V3TNT32M6F;
				GENERATE_INFOPLIST_FILE = YES;
				MARKETING_VERSION = 1.0;
				PRODUCT_BUNDLE_IDENTIFIER = RumethR.coverageXUITests;
				PRODUCT_NAME = "$(TARGET_NAME)";
				SWIFT_EMIT_LOC_STRINGS = NO;
				SWIFT_VERSION = 5.0;
				TARGETED_DEVICE_FAMILY = "1,2";
				TEST_TARGET_NAME = coverageX;
			};
			name = Debug;
		};
		388CF8002E0EE5C70020E97D /* Release */ = {
			isa = XCBuildConfiguration;
			buildSettings = {
				CODE_SIGN_STYLE = Automatic;
				CURRENT_PROJECT_VERSION = 1;
				DEVELOPMENT_TEAM = V3TNT32M6F;
				GENERATE_INFOPLIST_FILE = YES;
				MARKETING_VERSION = 1.0;
				PRODUCT_BUNDLE_IDENTIFIER = RumethR.coverageXUITests;
				PRODUCT_NAME = "$(TARGET_NAME)";
				SWIFT_EMIT_LOC_STRINGS = NO;
				SWIFT_VERSION = 5.0;
				TARGETED_DEVICE_FAMILY = "1,2";
				TEST_TARGET_NAME = coverageX;
			};
			name = Release;
		};
/* End XCBuildConfiguration section */

/* Begin XCConfigurationList section */
		388CF7CF2E0EE5C40020E97D /* Build configuration list for PBXProject "coverageX" */ = {
			isa = XCConfigurationList;
			buildConfigurations = (
				388CF7F62E0EE5C70020E97D /* Debug */,
				388CF7F72E0EE5C70020E97D /* Release */,
			);
			defaultConfigurationIsVisible = 0;
			defaultConfigurationName = Release;
		};
		388CF7F82E0EE5C70020E97D /* Build configuration list for PBXNativeTarget "coverageX" */ = {
			isa = XCConfigurationList;
			buildConfigurations = (
				388CF7F92E0EE5C70020E97D /* Debug */,
				388CF7FA2E0EE5C70020E97D /* Release */,
			);
			defaultConfigurationIsVisible = 0;
			defaultConfigurationName = Release;
		};
		388CF7FB2E0EE5C70020E97D /* Build configuration list for PBXNativeTarget "coverageXTests" */ = {
			isa = XCConfigurationList;
			buildConfigurations = (
				388CF7FC2E0EE5C70020E97D /* Debug */,
				388CF7FD2E0EE5C70020E97D /* Release */,
			);
			defaultConfigurationIsVisible = 0;
			defaultConfigurationName = Release;
		};
		388CF7FE2E0EE5C70020E97D /* Build configuration list for PBXNativeTarget "coverageXUITests" */ = {
			isa = XCConfigurationList;
			buildConfigurations = (
				388CF7FF2E0EE5C70020E97D /* Debug */,
				388CF8002E0EE5C70020E97D /* Release */,
			);
			defaultConfigurationIsVisible = 0;
			defaultConfigurationName = Release;
		};
/* End XCConfigurationList section */
	};
	rootObject = 388CF7CC2E0EE5C40020E97D /* Project object */;
}
